{
  "name": "ascend-backend",
  "version": "1.0.0",
  "lockfileVersion": 3,
  "requires": true,
  "packages": {
    "": {
      "name": "ascend-backend",
      "version": "1.0.0",
      "dependencies": {
        "@anthropic-ai/sdk": "^0.82.0",
        "bcryptjs": "^3.0.0",
        "cheerio": "^1.0.0",
        "cookie-parser": "^1.4.7",
        "cors": "^2.8.0",
        "docx": "^9.6.1",
        "dotenv": "^17.3.0",
        "express": "^5.1.0",
        "express-rate-limit": "^8.3.0",
        "form-data": "^4.0.5",
        "helmet": "^8.1.0",
        "ioredis": "^5.10.0",
        "joi": "^18.1.0",
        "jsonwebtoken": "^9.0.0",
        "mammoth": "^1.11.0",
        "multer": "^2.1.0",
        "node-fetch": "^3.3.0",
        "openai": "^6.33.0",
        "pdf-parse": "^2.4.0",
        "pdfmake": "^0.3.7",
        "pg": "^8.11.0",
        "pino": "^10.3.0",
        "pino-pretty": "^13.1.0",
        "stripe": "^21.0.0",
        "uuid": "^13.0.0"
      },
      "devDependencies": {
        "vitest": "^4.0.0"
      }
    },
    "../../node_modules/.pnpm/@anthropic-ai+sdk@0.82.0/node_modules/@anthropic-ai/sdk": {
      "version": "0.82.0",
      "license": "MIT",
      "dependencies": {
        "json-schema-to-ts": "^3.1.1"
      },
      "bin": {
        "anthropic-ai-sdk": "bin/cli"
      },
      "peerDependencies": {
        "zod": "^3.25.0 || ^4.0.0"
      },
      "peerDependenciesMeta": {
        "zod": {
          "optional": true
        }
      }
    },
    "../../node_modules/.pnpm/bcryptjs@3.0.3/node_modules/bcryptjs": {
      "version": "3.0.3",
      "license": "BSD-3-Clause",
      "bin": {
        "bcrypt": "bin/bcrypt"
      },
      "devDependencies": {
        "bcrypt": "^5.1.1",
        "esm2umd": "^0.3.1",
        "prettier": "^3.5.0",
        "typescript": "^5.7.3"
      }
    },
    "../../node_modules/.pnpm/cheerio@1.2.0/node_modules/cheerio": {
      "version": "1.2.0",
      "license": "MIT",
      "dependencies": {
        "cheerio-select": "^2.1.0",
        "dom-serializer": "^2.0.0",
        "domhandler": "^5.0.3",
        "domutils": "^3.2.2",
        "encoding-sniffer": "^0.2.1",
        "htmlparser2": "^10.1.0",
        "parse5": "^7.3.0",
        "parse5-htmlparser2-tree-adapter": "^7.1.0",
        "parse5-parser-stream": "^7.1.2",
        "undici": "^7.19.0",
        "whatwg-mimetype": "^4.0.0"
      },
      "devDependencies": {
        "@eslint/compat": "^2.0.1",
        "@eslint/js": "^9.38.0",
        "@imgix/js-core": "^3.8.0",
        "@octokit/graphql": "^9.0.3",
        "@types/jsdom": "^27.0.0",
        "@types/node": "^25.0.10",
        "@types/whatwg-mimetype": "^3.0.2",
        "@vitest/coverage-v8": "^4.0.18",
        "@vitest/eslint-plugin": "^1.6.6",
        "eslint": "^9.39.2",
        "eslint-config-prettier": "^10.1.8",
        "eslint-plugin-jsdoc": "^62.3.1",
        "eslint-plugin-n": "^17.23.2",
        "eslint-plugin-unicorn": "^62.0.0",
        "globals": "^17.1.0",
        "husky": "^9.1.7",
        "jquery": "^4.0.0",
        "jsdom": "^27.4.0",
        "lint-staged": "^16.2.7",
        "prettier": "^3.8.1",
        "prettier-plugin-jsdoc": "^1.8.0",
        "tinybench": "^6.0.0",
        "tshy": "^3.1.0",
        "tsx": "^4.21.0",
        "typescript": "^5.9.3",
        "typescript-eslint": "^8.53.1",
        "vitest": "^4.0.16"
      },
      "engines": {
        "node": ">=20.18.1"
      },
      "funding": {
        "url": "https://github.com/cheeriojs/cheerio?sponsor=1"
      }
    },
    "../../node_modules/.pnpm/cookie-parser@1.4.7/node_modules/cookie-parser": {
      "version": "1.4.7",
      "license": "MIT",
      "dependencies": {
        "cookie": "0.7.2",
        "cookie-signature": "1.0.6"
      },
      "devDependencies": {
        "eslint": "7.32.0",
        "eslint-config-standard": "14.1.1",
        "eslint-plugin-import": "2.25.2",
        "eslint-plugin-markdown": "2.2.1",
        "eslint-plugin-node": "11.1.0",
        "eslint-plugin-promise": "4.3.1",
        "eslint-plugin-standard": "4.1.0",
        "mocha": "9.2.1",
        "nyc": "15.1.0",
        "supertest": "6.1.6"
      },
      "engines": {
        "node": ">= 0.8.0"
      }
    },
    "../../node_modules/.pnpm/cors@2.8.6/node_modules/cors": {
      "version": "2.8.6",
      "license": "MIT",
      "dependencies": {
        "object-assign": "^4",
        "vary": "^1"
      },
      "devDependencies": {
        "after": "0.8.2",
        "eslint": "7.30.0",
        "express": "4.21.2",
        "mocha": "9.2.2",
        "nyc": "15.1.0",
        "supertest": "6.1.3"
      },
      "engines": {
        "node": ">= 0.10"
      },
      "funding": {
        "type": "opencollective",
        "url": "https://opencollective.com/express"
      }
    },
    "../../node_modules/.pnpm/docx@9.6.1/node_modules/docx": {
      "version": "9.6.1",
      "license": "MIT",
      "dependencies": {
        "@types/node": "^25.2.3",
        "hash.js": "^1.1.7",
        "jszip": "^3.10.1",
        "nanoid": "^5.1.3",
        "xml": "^1.0.1",
        "xml-js": "^1.6.8"
      },
      "devDependencies": {
        "@types/inquirer": "^9.0.3",
        "@types/unzipper": "^0.10.4",
        "@types/xml": "^1.0.8",
        "@typescript-eslint/eslint-plugin": "^8.8.1",
        "@typescript-eslint/parser": "^8.8.1",
        "@vitest/coverage-v8": "^4.0.18",
        "@vitest/ui": "^4.0.18",
        "cspell": "^9.0.0",
        "docsify-cli": "^4.3.0",
        "eslint": "^9.13.0",
        "eslint-import-resolver-typescript": "^4.3.2",
        "eslint-plugin-functional": "^9.0.3",
        "eslint-plugin-import": "^2.26.0",
        "eslint-plugin-jsdoc": "^62.5.5",
        "eslint-plugin-no-null": "^1.0.2",
        "eslint-plugin-prefer-arrow": "^1.2.3",
        "eslint-plugin-unicorn": "^63.0.0",
        "execa": "^9.4.0",
        "glob": "^13.0.3",
        "inquirer": "^13.2.2",
        "jiti": "^2.3.3",
        "jsdom": "^28.0.0",
        "pre-commit": "^1.2.2",
        "prettier": "^3.1.1",
        "tsconfig-paths": "^4.0.0",
        "tsx": "^4.7.0",
        "typedoc": "^0.28.2",
        "typescript": "5.9.3",
        "typescript-eslint": "^8.10.0",
        "unzipper": "^0.12.3",
        "vite": "^7.3.1",
        "vite-plugin-dts": "^4.2.4",
        "vite-plugin-node-polyfills": "^0.25.0",
        "vite-tsconfig-paths": "^6.1.1",
        "vitest": "^4.0.18"
      },
      "engines": {
        "node": ">=10"
      }
    },
    "../../node_modules/.pnpm/dotenv@17.4.0/node_modules/dotenv": {
      "version": "17.4.0",
      "license": "BSD-2-Clause",
      "devDependencies": {
        "@types/node": "^18.11.3",
        "decache": "^4.6.2",
        "sinon": "^14.0.1",
        "standard": "^17.0.0",
        "standard-version": "^9.5.0",
        "tap": "^19.2.0",
        "typescript": "^4.8.4"
      },
      "engines": {
        "node": ">=12"
      },
      "funding": {
        "url": "https://dotenvx.com"
      }
    },
    "../../node_modules/.pnpm/express-rate-limit@8.3.2_express@5.2.1/node_modules/express-rate-limit": {
      "version": "8.3.2",
      "license": "MIT",
      "dependencies": {
        "ip-address": "10.1.0"
      },
      "devDependencies": {
        "@biomejs/biome": "2.4.6",
        "@express-rate-limit/prettier": "1.1.1",
        "@express-rate-limit/tsconfig": "1.0.2",
        "@jest/globals": "30.3.0",
        "@types/express": "5.0.6",
        "@types/jest": "30.0.0",
        "@types/node": "25.5.0",
        "@types/supertest": "7.2.0",
        "del-cli": "7.0.0",
        "dts-bundle-generator": "8.1.2",
        "esbuild": "0.27.4",
        "express": "5.2.1",
        "husky": "9.1.7",
        "jest": "30.3.0",
        "lint-staged": "16.4.0",
        "mintlify": "4.2.446",
        "npm-run-all": "4.1.5",
        "prettier": "3.8.1",
        "ratelimit-header-parser": "0.1.0",
        "supertest": "7.2.2",
        "ts-jest": "29.4.6",
        "ts-node": "10.9.2",
        "typescript": "5.9.3"
      },
      "engines": {
        "node": ">= 16"
      },
      "funding": {
        "url": "https://github.com/sponsors/express-rate-limit"
      },
      "peerDependencies": {
        "express": ">= 4.11"
      }
    },
    "../../node_modules/.pnpm/express@5.2.1/node_modules/express": {
      "version": "5.2.1",
      "license": "MIT",
      "dependencies": {
        "accepts": "^2.0.0",
        "body-parser": "^2.2.1",
        "content-disposition": "^1.0.0",
        "content-type": "^1.0.5",
        "cookie": "^0.7.1",
        "cookie-signature": "^1.2.1",
        "debug": "^4.4.0",
        "depd": "^2.0.0",
        "encodeurl": "^2.0.0",
        "escape-html": "^1.0.3",
        "etag": "^1.8.1",
        "finalhandler": "^2.1.0",
        "fresh": "^2.0.0",
        "http-errors": "^2.0.0",
        "merge-descriptors": "^2.0.0",
        "mime-types": "^3.0.0",
        "on-finished": "^2.4.1",
        "once": "^1.4.0",
        "parseurl": "^1.3.3",
        "proxy-addr": "^2.0.7",
        "qs": "^6.14.0",
        "range-parser": "^1.2.1",
        "router": "^2.2.0",
        "send": "^1.1.0",
        "serve-static": "^2.2.0",
        "statuses": "^2.0.1",
        "type-is": "^2.0.1",
        "vary": "^1.1.2"
      },
      "devDependencies": {
        "after": "0.8.2",
        "connect-redis": "^8.0.1",
        "cookie-parser": "1.4.7",
        "cookie-session": "2.1.1",
        "ejs": "^3.1.10",
        "eslint": "8.47.0",
        "express-session": "^1.18.1",
        "hbs": "4.2.0",
        "marked": "^15.0.3",
        "method-override": "3.0.0",
        "mocha": "^10.7.3",
        "morgan": "1.10.1",
        "nyc": "^17.1.0",
        "pbkdf2-password": "1.2.1",
        "supertest": "^6.3.0",
        "vhost": "~3.0.2"
      },
      "engines": {
        "node": ">= 18"
      },
      "funding": {
        "type": "opencollective",
        "url": "https://opencollective.com/express"
      }
    },
    "../../node_modules/.pnpm/form-data@4.0.5/node_modules/form-data": {
      "version": "4.0.5",
      "license": "MIT",
      "dependencies": {
        "asynckit": "^0.4.0",
        "combined-stream": "^1.0.8",
        "es-set-tostringtag": "^2.1.0",
        "hasown": "^2.0.2",
        "mime-types": "^2.1.12"
      },
      "devDependencies": {
        "@ljharb/eslint-config": "^21.4.0",
        "auto-changelog": "^2.5.0",
        "browserify": "^13.3.0",
        "browserify-istanbul": "^2.0.0",
        "coveralls": "^3.1.1",
        "cross-spawn": "^6.0.6",
        "eslint": "^8.57.1",
        "fake": "^0.2.2",
        "far": "^0.0.7",
        "formidable": "^1.2.6",
        "in-publish": "^2.0.1",
        "is-node-modern": "^1.0.0",
        "istanbul": "^0.4.5",
        "js-randomness-predictor": "^1.5.5",
        "obake": "^0.1.2",
        "pkgfiles": "^2.3.2",
        "pre-commit": "^1.2.2",
        "puppeteer": "^1.20.0",
        "request": "~2.87.0",
        "rimraf": "^2.7.1",
        "semver": "^6.3.1",
        "tape": "^5.9.0"
      },
      "engines": {
        "node": ">= 6"
      }
    },
    "../../node_modules/.pnpm/helmet@8.1.0/node_modules/helmet": {
      "version": "8.1.0",
      "license": "MIT",
      "engines": {
        "node": ">=18.0.0"
      }
    },
    "../../node_modules/.pnpm/ioredis@5.10.1/node_modules/ioredis": {
      "version": "5.10.1",
      "license": "MIT",
      "dependencies": {
        "@ioredis/commands": "1.5.1",
        "cluster-key-slot": "^1.1.0",
        "debug": "^4.3.4",
        "denque": "^2.1.0",
        "lodash.defaults": "^4.2.0",
        "lodash.isarguments": "^3.1.0",
        "redis-errors": "^1.2.0",
        "redis-parser": "^3.0.0",
        "standard-as-callback": "^2.1.0"
      },
      "devDependencies": {
        "@ioredis/interface-generator": "^1.3.0",
        "@semantic-release/changelog": "^6.0.1",
        "@semantic-release/commit-analyzer": "^9.0.2",
        "@semantic-release/git": "^10.0.1",
        "@types/chai": "^4.3.0",
        "@types/chai-as-promised": "^7.1.5",
        "@types/debug": "^4.1.5",
        "@types/lodash.defaults": "^4.2.7",
        "@types/lodash.isarguments": "^3.1.7",
        "@types/mocha": "^9.1.0",
        "@types/node": "^14.18.12",
        "@types/redis-errors": "^1.2.1",
        "@types/sinon": "^10.0.11",
        "@typescript-eslint/eslint-plugin": "^5.48.1",
        "@typescript-eslint/parser": "^5.48.1",
        "chai": "^4.3.6",
        "chai-as-promised": "^7.1.1",
        "eslint": "^8.31.0",
        "eslint-config-prettier": "^8.6.0",
        "mocha": "^9.2.1",
        "nyc": "^15.1.0",
        "prettier": "^2.6.1",
        "semantic-release": "^19.0.2",
        "server-destroy": "^1.0.1",
        "sinon": "^13.0.1",
        "ts-node": "^10.4.0",
        "tsd": "^0.19.1",
        "typedoc": "^0.22.18",
        "typescript": "^4.6.3",
        "uuid": "^9.0.0"
      },
      "engines": {
        "node": ">=12.22.0"
      },
      "funding": {
        "type": "opencollective",
        "url": "https://opencollective.com/ioredis"
      }
    },
    "../../node_modules/.pnpm/joi@18.1.2/node_modules/joi": {
      "version": "18.1.2",
      "license": "BSD-3-Clause",
      "dependencies": {
        "@hapi/address": "^5.1.1",
        "@hapi/formula": "^3.0.2",
        "@hapi/hoek": "^11.0.7",
        "@hapi/pinpoint": "^2.0.1",
        "@hapi/tlds": "^1.1.1",
        "@hapi/topo": "^6.0.2",
        "@standard-schema/spec": "^1.1.0"
      },
      "devDependencies": {
        "@hapi/bourne": "^3.0.0",
        "@hapi/code": "^9.0.3",
        "@hapi/eslint-plugin": "^7.0.0",
        "@hapi/joi-legacy-test": "npm:@hapi/joi@15.x.x",
        "@hapi/lab": "^26.0.0",
        "@types/node": "^20.17.47",
        "ajv": "^8.18.0",
        "typescript": "^5.8.3"
      },
      "engines": {
        "node": ">= 20"
      }
    },
    "../../node_modules/.pnpm/jsonwebtoken@9.0.3/node_modules/jsonwebtoken": {
      "version": "9.0.3",
      "license": "MIT",
      "dependencies": {
        "jws": "^4.0.1",
        "lodash.includes": "^4.3.0",
        "lodash.isboolean": "^3.0.3",
        "lodash.isinteger": "^4.0.4",
        "lodash.isnumber": "^3.0.3",
        "lodash.isplainobject": "^4.0.6",
        "lodash.isstring": "^4.0.1",
        "lodash.once": "^4.0.0",
        "ms": "^2.1.1",
        "semver": "^7.5.4"
      },
      "devDependencies": {
        "atob": "^2.1.2",
        "chai": "^4.1.2",
        "conventional-changelog": "~1.1.0",
        "eslint": "^4.19.1",
        "mocha": "^5.2.0",
        "nsp": "^2.6.2",
        "nyc": "^11.9.0",
        "sinon": "^6.0.0"
      },
      "engines": {
        "node": ">=12",
        "npm": ">=6"
      }
    },
    "../../node_modules/.pnpm/mammoth@1.12.0/node_modules/mammoth": {
      "version": "1.12.0",
      "license": "BSD-2-Clause",
      "dependencies": {
        "@xmldom/xmldom": "^0.8.6",
        "argparse": "~1.0.3",
        "base64-js": "^1.5.1",
        "bluebird": "~3.4.0",
        "dingbat-to-unicode": "^1.0.1",
        "jszip": "^3.7.1",
        "lop": "^0.4.2",
        "path-is-absolute": "^1.0.0",
        "underscore": "^1.13.1",
        "xmlbuilder": "^10.0.0"
      },
      "bin": {
        "mammoth": "bin/mammoth"
      },
      "devDependencies": {
        "@types/node": "^20.2.5",
        "browserify": "~13.0.1",
        "browserify-prepend-licenses": "~1.0.0",
        "duck": "^0.1.12",
        "eslint": "2.13.1",
        "hamjest": "^4.0.1",
        "mocha": "~2.2.5",
        "temp": "^0.9.4",
        "typescript": "^5.0.4",
        "uglify-js": "~2.4.8"
      },
      "engines": {
        "node": ">=12.0.0"
      }
    },
    "../../node_modules/.pnpm/multer@2.1.1/node_modules/multer": {
      "version": "2.1.1",
      "license": "MIT",
      "dependencies": {
        "append-field": "^1.0.0",
        "busboy": "^1.6.0",
        "concat-stream": "^2.0.0",
        "type-is": "^1.6.18"
      },
      "devDependencies": {
        "deep-equal": "^2.0.3",
        "express": "^4.21.2",
        "form-data": "^4.0.2",
        "fs-temp": "^1.2.1",
        "mocha": "^11.5.0",
        "nyc": "^15.1.0",
        "rimraf": "^2.4.1",
        "standard": "^14.3.3",
        "testdata-w3c-json-form": "^1.0.0"
      },
      "engines": {
        "node": ">= 10.16.0"
      },
      "funding": {
        "type": "opencollective",
        "url": "https://opencollective.com/express"
      }
    },
    "../../node_modules/.pnpm/node-fetch@3.3.2/node_modules/node-fetch": {
      "version": "3.3.2",
      "license": "MIT",
      "dependencies": {
        "data-uri-to-buffer": "^4.0.0",
        "fetch-blob": "^3.1.4",
        "formdata-polyfill": "^4.0.10"
      },
      "devDependencies": {
        "abort-controller": "^3.0.0",
        "abortcontroller-polyfill": "^1.7.1",
        "busboy": "^1.4.0",
        "c8": "^7.7.2",
        "chai": "^4.3.4",
        "chai-as-promised": "^7.1.1",
        "chai-iterator": "^3.0.2",
        "chai-string": "^1.5.0",
        "coveralls": "^3.1.0",
        "form-data": "^4.0.0",
        "formdata-node": "^4.2.4",
        "mocha": "^9.1.3",
        "p-timeout": "^5.0.0",
        "stream-consumers": "^1.0.1",
        "tsd": "^0.14.0",
        "xo": "^0.39.1"
      },
      "engines": {
        "node": "^12.20.0 || ^14.13.1 || >=16.0.0"
      },
      "funding": {
        "type": "opencollective",
        "url": "https://opencollective.com/node-fetch"
      }
    },
    "../../node_modules/.pnpm/openai@6.33.0/node_modules/openai": {
      "version": "6.33.0",
      "license": "Apache-2.0",
      "bin": {
        "openai": "bin/cli"
      },
      "peerDependencies": {
        "ws": "^8.18.0",
        "zod": "^3.25 || ^4.0"
      },
      "peerDependenciesMeta": {
        "ws": {
          "optional": true
        },
        "zod": {
          "optional": true
        }
      }
    },
    "../../node_modules/.pnpm/pdf-parse@2.4.5/node_modules/pdf-parse": {
      "version": "2.4.5",
      "license": "Apache-2.0",
      "dependencies": {
        "@napi-rs/canvas": "0.1.80",
        "pdfjs-dist": "5.4.296"
      },
      "bin": {
        "pdf-parse": "bin/cli.mjs"
      },
      "devDependencies": {
        "@biomejs/biome": "^2.2.6",
        "@microsoft/api-extractor": "^7.53.1",
        "@types/node": "^24.7.2",
        "@vitest/coverage-v8": "^3.2.4",
        "@vitest/ui": "^3.2.4",
        "esbuild": "^0.25.11",
        "rimraf": "^6.0.1",
        "terser": "^5.44.0",
        "tsx": "^4.20.6",
        "typedoc": "^0.28.14",
        "typescript": "^5.9.3",
        "vite": "^7.1.5",
        "vitest": "^3.2.4"
      },
      "engines": {
        "node": ">=20.16.0 <21 || >=22.3.0"
      },
      "funding": {
        "type": "github",
        "url": "https://github.com/sponsors/mehmet-kozan"
      }
    },
    "../../node_modules/.pnpm/pdfmake@0.3.7/node_modules/pdfmake": {
      "version": "0.3.7",
      "license": "MIT",
      "dependencies": {
        "linebreak": "^1.1.0",
        "pdfkit": "^0.18.0",
        "xmldoc": "^2.0.3"
      },
      "devDependencies": {
        "@babel/cli": "^7.28.6",
        "@babel/core": "^7.29.0",
        "@babel/plugin-transform-modules-commonjs": "^7.28.6",
        "@babel/preset-env": "^7.29.2",
        "@eslint/js": "^10.0.1",
        "assert": "^2.1.0",
        "babel-loader": "^10.1.1",
        "brfs": "^2.0.2",
        "browserify-zlib": "^0.2.0",
        "buffer": "^6.0.3",
        "core-js": "^3.49.0",
        "eslint": "^10.0.3",
        "eslint-plugin-jsdoc": "^62.8.0",
        "expose-loader": "^5.0.1",
        "file-saver": "^2.0.5",
        "globals": "^17.4.0",
        "mocha": "^11.7.5",
        "npm-run-all": "^4.1.5",
        "process": "^0.11.10",
        "rewire": "^9.0.1",
        "shx": "^0.4.0",
        "sinon": "^21.0.3",
        "source-map-loader": "^5.0.0",
        "stream-browserify": "^3.0.0",
        "string-replace-webpack-plugin": "^0.1.3",
        "svg-to-pdfkit": "github:alafr/SVG-to-PDFKit#b091ebd4e7b7d2310eb1003511cd5de480f7e0e1",
        "terser-webpack-plugin": "^5.4.0",
        "transform-loader": "^0.2.4",
        "util": "^0.12.5",
        "webpack": "^5.105.4",
        "webpack-cli": "^7.0.2"
      },
      "engines": {
        "node": ">=20"
      }
    },
    "../../node_modules/.pnpm/pg@8.20.0/node_modules/pg": {
      "version": "8.20.0",
      "license": "MIT",
      "dependencies": {
        "pg-connection-string": "^2.12.0",
        "pg-pool": "^3.13.0",
        "pg-protocol": "^1.13.0",
        "pg-types": "2.2.0",
        "pgpass": "1.0.5"
      },
      "devDependencies": {
        "@cloudflare/vitest-pool-workers": "0.8.23",
        "@cloudflare/workers-types": "^4.20230404.0",
        "async": "2.6.4",
        "bluebird": "3.7.2",
        "co": "4.6.0",
        "pg-copy-streams": "0.3.0",
        "typescript": "^4.0.3",
        "vitest": "~3.0.9",
        "wrangler": "^3.x"
      },
      "engines": {
        "node": ">= 16.0.0"
      },
      "optionalDependencies": {
        "pg-cloudflare": "^1.3.0"
      },
      "peerDependencies": {
        "pg-native": ">=3.0.1"
      },
      "peerDependenciesMeta": {
        "pg-native": {
          "optional": true
        }
      }
    },
    "../../node_modules/.pnpm/pino-pretty@13.1.3/node_modules/pino-pretty": {
      "version": "13.1.3",
      "license": "MIT",
      "dependencies": {
        "colorette": "^2.0.7",
        "dateformat": "^4.6.3",
        "fast-copy": "^4.0.0",
        "fast-safe-stringify": "^2.1.1",
        "help-me": "^5.0.0",
        "joycon": "^3.1.1",
        "minimist": "^1.2.6",
        "on-exit-leak-free": "^2.1.0",
        "pino-abstract-transport": "^3.0.0",
        "pump": "^3.0.0",
        "secure-json-parse": "^4.0.0",
        "sonic-boom": "^4.0.1",
        "strip-json-comments": "^5.0.2"
      },
      "bin": {
        "pino-pretty": "bin.js"
      },
      "devDependencies": {
        "@arethetypeswrong/cli": "^0.18.1",
        "@jsumners/assert-match": "^1.0.0",
        "@jsumners/line-reporter": "^1.0.1",
        "@types/node": "^24.0.8",
        "borp": "^0.21.0",
        "eslint": "^9.37.0",
        "fastbench": "^1.0.1",
        "neostandard": "^0.12.2",
        "pino": "^10.1.0",
        "rimraf": "^6.0.1",
        "semver": "^7.6.0",
        "tap": "^16.0.0",
        "tsd": "^0.33.0",
        "typescript": "~5.9.2"
      }
    },
    "../../node_modules/.pnpm/pino@10.3.1/node_modules/pino": {
      "version": "10.3.1",
      "license": "MIT",
      "dependencies": {
        "@pinojs/redact": "^0.4.0",
        "atomic-sleep": "^1.0.0",
        "on-exit-leak-free": "^2.1.0",
        "pino-abstract-transport": "^3.0.0",
        "pino-std-serializers": "^7.0.0",
        "process-warning": "^5.0.0",
        "quick-format-unescaped": "^4.0.3",
        "real-require": "^0.2.0",
        "safe-stable-stringify": "^2.3.1",
        "sonic-boom": "^4.0.1",
        "thread-stream": "^4.0.0"
      },
      "bin": {
        "pino": "bin.js"
      },
      "devDependencies": {
        "@arethetypeswrong/cli": "^0.18.1",
        "@matteo.collina/tspl": "^0.2.0",
        "@types/flush-write-stream": "^1.0.0",
        "@types/node": "^25.0.3",
        "airtap": "5.0.0",
        "bole": "^5.0.5",
        "borp": "^0.21.0",
        "bunyan": "^1.8.14",
        "debug": "^4.3.4",
        "docsify-cli": "^4.4.4",
        "eslint": "^9.37.0",
        "eslint-plugin-import": "^2.26.0",
        "eslint-plugin-n": "17.23.2",
        "eslint-plugin-node": "^11.1.0",
        "eslint-plugin-promise": "^6.0.0",
        "execa": "^5.0.0",
        "fastbench": "^1.0.1",
        "flush-write-stream": "^2.0.0",
        "import-fresh": "^3.2.1",
        "jest": "^30.0.3",
        "log": "^6.0.0",
        "loglevel": "^1.6.7",
        "midnight-smoker": "1.1.1",
        "neostandard": "^0.12.2",
        "pino-pretty": "^13.0.0",
        "pre-commit": "^1.2.2",
        "proxyquire": "^2.1.3",
        "pump": "^3.0.0",
        "rimraf": "^6.0.1",
        "semver": "^7.3.7",
        "split2": "^4.0.0",
        "steed": "^1.1.3",
        "strip-ansi": "^6.0.0",
        "tape": "^5.5.3",
        "through2": "^4.0.0",
        "ts-node": "^10.9.1",
        "tsd": "^0.33.0",
        "typescript": "~5.9.2",
        "winston": "^3.7.2"
      }
    },
    "../../node_modules/.pnpm/stripe@21.0.1_@types+node@25.5.0/node_modules/stripe": {
      "version": "21.0.1",
      "license": "MIT",
      "devDependencies": {
        "@types/chai": "^4.3.4",
        "@types/chai-as-promised": "^7.1.5",
        "@types/mocha": "^10.0.1",
        "@types/node": "~22",
        "@typescript-eslint/eslint-plugin": "^4.33.0",
        "@typescript-eslint/parser": "^4.33.0",
        "chai": "^4.3.6",
        "chai-as-promised": "~7.1.1",
        "eslint": "^7.32.0",
        "eslint-config-prettier": "^8.5.0",
        "eslint-plugin-chai-friendly": "^0.7.2",
        "eslint-plugin-import": "^2.27.5",
        "eslint-plugin-prettier": "^3.4.1",
        "mocha": "^8.4.0",
        "mocha-junit-reporter": "^2.1.0",
        "nock": "^13.2.9",
        "node-fetch": "^2.6.7",
        "nyc": "^15.1.0",
        "prettier": "^1.16.4",
        "ts-node": "^10.9.1",
        "typescript": "^4.9.4",
        "undici-types": "^7.8.0"
      },
      "engines": {
        "node": ">=18"
      },
      "peerDependencies": {
        "@types/node": ">=18"
      },
      "peerDependenciesMeta": {
        "@types/node": {
          "optional": true
        }
      }
    },
    "../../node_modules/.pnpm/uuid@13.0.0/node_modules/uuid": {
      "version": "13.0.0",
      "funding": [
        "https://github.com/sponsors/broofa",
        "https://github.com/sponsors/ctavan"
      ],
      "license": "MIT",
      "bin": {
        "uuid": "dist-node/bin/uuid"
      },
      "devDependencies": {
        "@babel/eslint-parser": "7.27.1",
        "@commitlint/cli": "19.8.0",
        "@commitlint/config-conventional": "19.8.0",
        "@eslint/js": "9.26.0",
        "bundlewatch": "0.4.1",
        "commander": "13.1.0",
        "eslint": "9.26.0",
        "eslint-config-prettier": "10.1.2",
        "eslint-plugin-prettier": "5.4.0",
        "globals": "16.0.0",
        "husky": "9.1.7",
        "jest": "29.7.0",
        "lint-staged": "15.5.2",
        "neostandard": "0.12.1",
        "npm-run-all": "4.1.5",
        "prettier": "3.5.3",
        "release-please": "17.0.0",
        "runmd": "1.4.1",
        "standard-version": "9.5.0",
        "typescript": "5.2.2",
        "typescript-eslint": "8.32.0"
      }
    },
    "../../node_modules/.pnpm/vitest@4.1.2_@types+node@25.5.0_vite@8.0.3_@emnapi+core@1.9.1_@emnapi+runtime@1.9.1_@types+node@25.5.0_jiti@2.6.1_/node_modules/vitest": {
      "version": "4.1.2",
      "dev": true,
      "license": "MIT",
      "dependencies": {
        "@vitest/expect": "4.1.2",
        "@vitest/mocker": "4.1.2",
        "@vitest/pretty-format": "4.1.2",
        "@vitest/runner": "4.1.2",
        "@vitest/snapshot": "4.1.2",
        "@vitest/spy": "4.1.2",
        "@vitest/utils": "4.1.2",
        "es-module-lexer": "^2.0.0",
        "expect-type": "^1.3.0",
        "magic-string": "^0.30.21",
        "obug": "^2.1.1",
        "pathe": "^2.0.3",
        "picomatch": "^4.0.3",
        "std-env": "^4.0.0-rc.1",
        "tinybench": "^2.9.0",
        "tinyexec": "^1.0.2",
        "tinyglobby": "^0.2.15",
        "tinyrainbow": "^3.1.0",
        "vite": "^6.0.0 || ^7.0.0 || ^8.0.0",
        "why-is-node-running": "^2.3.0"
      },
      "bin": {
        "vitest": "vitest.mjs"
      },
      "devDependencies": {
        "@antfu/install-pkg": "^1.1.0",
        "@bomb.sh/tab": "^0.0.14",
        "@edge-runtime/vm": "^5.0.0",
        "@jridgewell/trace-mapping": "0.3.31",
        "@opentelemetry/api": "^1.9.0",
        "@sinonjs/fake-timers": "15.0.0",
        "@types/estree": "^1.0.8",
        "@types/istanbul-lib-coverage": "^2.0.6",
        "@types/istanbul-reports": "^3.0.4",
        "@types/jsdom": "^27.0.0",
        "@types/node": "^24.12.0",
        "@types/picomatch": "^4.0.2",
        "@types/prompts": "^2.4.9",
        "@types/sinonjs__fake-timers": "^15.0.1",
        "acorn": "8.11.3",
        "acorn-walk": "^8.3.5",
        "birpc": "^4.0.0",
        "cac": "^6.7.14",
        "empathic": "^2.0.0",
        "flatted": "^3.4.2",
        "happy-dom": "^20.8.3",
        "jsdom": "^27.4.0",
        "local-pkg": "^1.1.2",
        "mime": "^4.1.0",
        "prompts": "^2.4.2",
        "strip-literal": "^3.1.0",
        "tinyhighlight": "^0.3.2",
        "ws": "^8.19.0"
      },
      "engines": {
        "node": "^20.0.0 || ^22.0.0 || >=24.0.0"
      },
      "funding": {
        "url": "https://opencollective.com/vitest"
      },
      "peerDependencies": {
        "@edge-runtime/vm": "*",
        "@opentelemetry/api": "^1.9.0",
        "@types/node": "^20.0.0 || ^22.0.0 || >=24.0.0",
        "@vitest/browser-playwright": "4.1.2",
        "@vitest/browser-preview": "4.1.2",
        "@vitest/browser-webdriverio": "4.1.2",
        "@vitest/ui": "4.1.2",
        "happy-dom": "*",
        "jsdom": "*",
        "vite": "^6.0.0 || ^7.0.0 || ^8.0.0"
      },
      "peerDependenciesMeta": {
        "@edge-runtime/vm": {
          "optional": true
        },
        "@opentelemetry/api": {
          "optional": true
        },
        "@types/node": {
          "optional": true
        },
        "@vitest/browser-playwright": {
          "optional": true
        },
        "@vitest/browser-preview": {
          "optional": true
        },
        "@vitest/browser-webdriverio": {
          "optional": true
        },
        "@vitest/ui": {
          "optional": true
        },
        "happy-dom": {
          "optional": true
        },
        "jsdom": {
          "optional": true
        },
        "vite": {
          "optional": false
        }
      }
    },
    "node_modules/@anthropic-ai/sdk": {
      "resolved": "../../node_modules/.pnpm/@anthropic-ai+sdk@0.82.0/node_modules/@anthropic-ai/sdk",
      "link": true
    },
    "node_modules/bcryptjs": {
      "resolved": "../../node_modules/.pnpm/bcryptjs@3.0.3/node_modules/bcryptjs",
      "link": true
    },
    "node_modules/cheerio": {
      "resolved": "../../node_modules/.pnpm/cheerio@1.2.0/node_modules/cheerio",
      "link": true
    },
    "node_modules/cookie-parser": {
      "resolved": "../../node_modules/.pnpm/cookie-parser@1.4.7/node_modules/cookie-parser",
      "link": true
    },
    "node_modules/cors": {
      "resolved": "../../node_modules/.pnpm/cors@2.8.6/node_modules/cors",
      "link": true
    },
    "node_modules/docx": {
      "resolved": "../../node_modules/.pnpm/docx@9.6.1/node_modules/docx",
      "link": true
    },
    "node_modules/dotenv": {
      "resolved": "../../node_modules/.pnpm/dotenv@17.4.0/node_modules/dotenv",
      "link": true
    },
    "node_modules/express": {
      "resolved": "../../node_modules/.pnpm/express@5.2.1/node_modules/express",
      "link": true
    },
    "node_modules/express-rate-limit": {
      "resolved": "../../node_modules/.pnpm/express-rate-limit@8.3.2_express@5.2.1/node_modules/express-rate-limit",
      "link": true
    },
    "node_modules/form-data": {
      "resolved": "../../node_modules/.pnpm/form-data@4.0.5/node_modules/form-data",
      "link": true
    },
    "node_modules/helmet": {
      "resolved": "../../node_modules/.pnpm/helmet@8.1.0/node_modules/helmet",
      "link": true
    },
    "node_modules/ioredis": {
      "resolved": "../../node_modules/.pnpm/ioredis@5.10.1/node_modules/ioredis",
      "link": true
    },
    "node_modules/joi": {
      "resolved": "../../node_modules/.pnpm/joi@18.1.2/node_modules/joi",
      "link": true
    },
    "node_modules/jsonwebtoken": {
      "resolved": "../../node_modules/.pnpm/jsonwebtoken@9.0.3/node_modules/jsonwebtoken",
      "link": true
    },
    "node_modules/mammoth": {
      "resolved": "../../node_modules/.pnpm/mammoth@1.12.0/node_modules/mammoth",
      "link": true
    },
    "node_modules/multer": {
      "resolved": "../../node_modules/.pnpm/multer@2.1.1/node_modules/multer",
      "link": true
    },
    "node_modules/node-fetch": {
      "resolved": "../../node_modules/.pnpm/node-fetch@3.3.2/node_modules/node-fetch",
      "link": true
    },
    "node_modules/openai": {
      "resolved": "../../node_modules/.pnpm/openai@6.33.0/node_modules/openai",
      "link": true
    },
    "node_modules/pdf-parse": {
      "resolved": "../../node_modules/.pnpm/pdf-parse@2.4.5/node_modules/pdf-parse",
      "link": true
    },
    "node_modules/pdfmake": {
      "resolved": "../../node_modules/.pnpm/pdfmake@0.3.7/node_modules/pdfmake",
      "link": true
    },
    "node_modules/pg": {
      "resolved": "../../node_modules/.pnpm/pg@8.20.0/node_modules/pg",
      "link": true
    },
    "node_modules/pino": {
      "resolved": "../../node_modules/.pnpm/pino@10.3.1/node_modules/pino",
      "link": true
    },
    "node_modules/pino-pretty": {
      "resolved": "../../node_modules/.pnpm/pino-pretty@13.1.3/node_modules/pino-pretty",
      "link": true
    },
    "node_modules/stripe": {
      "resolved": "../../node_modules/.pnpm/stripe@21.0.1_@types+node@25.5.0/node_modules/stripe",
      "link": true
    },
    "node_modules/uuid": {
      "resolved": "../../node_modules/.pnpm/uuid@13.0.0/node_modules/uuid",
      "link": true
    },
    "node_modules/vitest": {
      "resolved": "../../node_modules/.pnpm/vitest@4.1.2_@types+node@25.5.0_vite@8.0.3_@emnapi+core@1.9.1_@emnapi+runtime@1.9.1_@types+node@25.5.0_jiti@2.6.1_/node_modules/vitest",
      "link": true
    }
  }
}
